
Microsoft Visual Studio Solution File, Format Version 12.00
# Visual Studio 15
VisualStudioVersion = 15.0.28307.572
MinimumVisualStudioVersion = 10.0.40219.1
Project("{8BC9CEB8-8B4A-11D0-8D11-00A0C91BC942}") = "Blower", "Blower.vcxproj", "{C5F80730-F44F-4478-BDAE-6634EFC2CA88}"
EndProject
Project("{2150E333-8FDC-42A3-9474-1A3956D46DE8}") = "Solution Items", "Solution Items", "{0D0A71EA-470F-47C4-BC88-F57D6D2FA2C1}"
	ProjectSection(SolutionItems) = preProject
		Beschrijving Blower.txt = Beschrijving Blower.txt
		Beschrijving Projector.txt = Beschrijving Projector.txt
		Beschrijving RFID-RC522.txt = Beschrijving RFID-RC522.txt
	EndProjectSection
EndProject
Project("{8BC9CEB8-8B4A-11D0-8D11-00A0C91BC942}") = "Projector", "Projector\Projector.vcxproj", "{75829D13-727D-4B1F-8592-A59C7AEF970F}"
EndProject
Project("{8BC9CEB8-8B4A-11D0-8D11-00A0C91BC942}") = "Potts", "Potts\Potts.vcxproj", "{42B7AB6C-0152-40AA-86CA-5F0DC20C042A}"
EndProject
Project("{8BC9CEB8-8B4A-11D0-8D11-00A0C91BC942}") = "RFID-RC522", "RFID-RC522\RFID-RC522.vcxproj", "{3655B8B3-EA31-4130-8D64-99D05ED8761B}"
EndProject
Global
	GlobalSection(SolutionConfigurationPlatforms) = preSolution
		Debug|x86 = Debug|x86
		Release|x86 = Release|x86
	EndGlobalSection
	GlobalSection(ProjectConfigurationPlatforms) = postSolution
		{C5F80730-F44F-4478-BDAE-6634EFC2CA88}.Debug|x86.ActiveCfg = Debug|Win32
		{C5F80730-F44F-4478-BDAE-6634EFC2CA88}.Debug|x86.Build.0 = Debug|Win32
		{C5F80730-F44F-4478-BDAE-6634EFC2CA88}.Release|x86.ActiveCfg = Release|Win32
		{C5F80730-F44F-4478-BDAE-6634EFC2CA88}.Release|x86.Build.0 = Release|Win32
		{75829D13-727D-4B1F-8592-A59C7AEF970F}.Debug|x86.ActiveCfg = Debug|Win32
		{75829D13-727D-4B1F-8592-A59C7AEF970F}.Debug|x86.Build.0 = Debug|Win32
		{75829D13-727D-4B1F-8592-A59C7AEF970F}.Release|x86.ActiveCfg = Release|Win32
		{75829D13-727D-4B1F-8592-A59C7AEF970F}.Release|x86.Build.0 = Release|Win32
		{42B7AB6C-0152-40AA-86CA-5F0DC20C042A}.Debug|x86.ActiveCfg = Debug|Win32
		{42B7AB6C-0152-40AA-86CA-5F0DC20C042A}.Debug|x86.Build.0 = Debug|Win32
		{42B7AB6C-0152-40AA-86CA-5F0DC20C042A}.Release|x86.ActiveCfg = Release|Win32
		{42B7AB6C-0152-40AA-86CA-5F0DC20C042A}.Release|x86.Build.0 = Release|Win32
		{3655B8B3-EA31-4130-8D64-99D05ED8761B}.Debug|x86.ActiveCfg = Debug|Win32
		{3655B8B3-EA31-4130-8D64-99D05ED8761B}.Debug|x86.Build.0 = Debug|Win32
		{3655B8B3-EA31-4130-8D64-99D05ED8761B}.Release|x86.ActiveCfg = Release|Win32
		{3655B8B3-EA31-4130-8D64-99D05ED8761B}.Release|x86.Build.0 = Release|Win32
	EndGlobalSection
	GlobalSection(SolutionProperties) = preSolution
		HideSolutionNode = FALSE
	EndGlobalSection
	GlobalSection(ExtensibilityGlobals) = postSolution
		SolutionGuid = {7AD27446-CD4F-4EB7-A052-6E11714C1EB8}
	EndGlobalSection
EndGlobal
